
Microsoft Visual Studio Solution File, Format Version 10.00
# Visual Studio 2008
Project("{FAE04EC0-301F-11D3-BF4B-00C04F79EFBC}") = "Lix.Commons", "Lix.Commons\Lix.Commons.csproj", "{3DF3872A-53DB-4BFB-A2E5-E478878A99D3}"
EndProject
Project("{2150E333-8FDC-42A3-9474-1A3956D46DE8}") = "Build", "Build", "{08B90B26-83F3-4C2E-9031-A17F5AEC35A8}"
	ProjectSection(SolutionItems) = preProject
		..\build.bat = ..\build.bat
		..\BuildUtils.rb = ..\BuildUtils.rb
		..\installgems.bat = ..\installgems.bat
		..\RakeFile = ..\RakeFile
		..\Ruby_Not_Installed.txt = ..\Ruby_Not_Installed.txt
	EndProjectSection
EndProject
Project("{2150E333-8FDC-42A3-9474-1A3956D46DE8}") = "Solution Items", "Solution Items", "{3CDD946A-2F31-4655-82A1-024A194E73CE}"
	ProjectSection(SolutionItems) = preProject
		CommonAssemblyInfo.cs = CommonAssemblyInfo.cs
		..\license.txt = ..\license.txt
		Settings.StyleCop = Settings.StyleCop
	EndProjectSection
EndProject
Project("{FAE04EC0-301F-11D3-BF4B-00C04F79EFBC}") = "Lix.Commons.Tests", "Lix.Commons.Tests\Lix.Commons.Tests.csproj", "{BAF74050-9ECD-4B73-BA2C-068622AD2743}"
EndProject
Project("{FAE04EC0-301F-11D3-BF4B-00C04F79EFBC}") = "Lix.NHibernate.Utilities", "Lix.NHibernate.Utilities\Lix.NHibernate.Utilities.csproj", "{FF5778BE-2B67-407B-8320-641ED43AD7DC}"
EndProject
Project("{FAE04EC0-301F-11D3-BF4B-00C04F79EFBC}") = "Lix.Futures", "Lix.Futures\Lix.Futures.csproj", "{A00BD5A4-CBC8-478C-A441-4B91C7C5737A}"
EndProject
Project("{FAE04EC0-301F-11D3-BF4B-00C04F79EFBC}") = "Lix.Futures.Tests", "Lix.Futures.Tests\Lix.Futures.Tests.csproj", "{D26AD103-2D13-49E1-83DD-87825E4BC45B}"
EndProject
Project("{FAE04EC0-301F-11D3-BF4B-00C04F79EFBC}") = "Lix.Linq2Sql.Utilities", "Lix.Linq2Sql.Utilities\Lix.Linq2Sql.Utilities.csproj", "{14DD1D5E-3851-4782-8765-7CB39232AABF}"
EndProject
Project("{2150E333-8FDC-42A3-9474-1A3956D46DE8}") = "libs", "libs", "{025CF06F-D9CD-4054-AC78-46C55059F31E}"
	ProjectSection(SolutionItems) = preProject
		..\libs\FluentNHibernate.dll = ..\libs\FluentNHibernate.dll
		..\libs\FluentNHibernate.pdb = ..\libs\FluentNHibernate.pdb
		..\libs\FluentNHibernate.XML = ..\libs\FluentNHibernate.XML
		..\libs\HibernatingRhinos.NHibernate.Profiler.Appender.dll = ..\libs\HibernatingRhinos.NHibernate.Profiler.Appender.dll
		..\libs\Moq.dll = ..\libs\Moq.dll
		..\libs\System.Data.SQLite.DLL = ..\libs\System.Data.SQLite.DLL
		..\libs\System.Data.SQLite.Linq.dll = ..\libs\System.Data.SQLite.Linq.dll
	EndProjectSection
EndProject
Project("{FAE04EC0-301F-11D3-BF4B-00C04F79EFBC}") = "Lix.NHibernate.Utilities.Tests", "Lix.NHibernate.Utilities.Tests\Lix.NHibernate.Utilities.Tests.csproj", "{F2B4D297-E820-45C3-9023-39F14F93517A}"
EndProject
Project("{FAE04EC0-301F-11D3-BF4B-00C04F79EFBC}") = "Lix.Web.Mvc", "Lix.Web.Mvc\Lix.Web.Mvc.csproj", "{8D87F43A-50C2-46AD-903C-403DFFB84EFA}"
EndProject
Project("{FAE04EC0-301F-11D3-BF4B-00C04F79EFBC}") = "Lix.Web.Mvc.Tests", "Lix.Web.Mvc.Tests\Lix.Web.Mvc.Tests.csproj", "{97F1C94D-D62D-4459-926D-B4A5C1E7DA92}"
EndProject
Project("{2150E333-8FDC-42A3-9474-1A3956D46DE8}") = "Adapters", "Adapters", "{5CA19B9D-0D70-4256-AD00-C0988CBBD445}"
EndProject
Project("{FAE04EC0-301F-11D3-BF4B-00C04F79EFBC}") = "Lix.StructureMapAdapter", "Adapters\Lix.StructureMapAdapter\Lix.StructureMapAdapter.csproj", "{83253EE0-B8EE-4D15-857C-8AAE4380D6BE}"
EndProject
Project("{FAE04EC0-301F-11D3-BF4B-00C04F79EFBC}") = "Lix.StructureMapAdapter.Tests", "Adapters\Lix.StructureMapAdapter.Tests\Lix.StructureMapAdapter.Tests.csproj", "{D9E85EAC-FC2C-4317-B848-29C325C149E5}"
EndProject
Project("{FAE04EC0-301F-11D3-BF4B-00C04F79EFBC}") = "Lix.NHibernate.Utilities.StructureMapAdapter", "Adapters\Lix.NHibernate.Utilities.StructureMapAdapter\Lix.NHibernate.Utilities.StructureMapAdapter.csproj", "{FE0F8183-15B4-4426-B2AA-405248A507A4}"
EndProject
Global
	GlobalSection(SolutionConfigurationPlatforms) = preSolution
		Debug|Any CPU = Debug|Any CPU
		Release|Any CPU = Release|Any CPU
	EndGlobalSection
	GlobalSection(ProjectConfigurationPlatforms) = postSolution
		{3DF3872A-53DB-4BFB-A2E5-E478878A99D3}.Debug|Any CPU.ActiveCfg = Debug|Any CPU
		{3DF3872A-53DB-4BFB-A2E5-E478878A99D3}.Debug|Any CPU.Build.0 = Debug|Any CPU
		{3DF3872A-53DB-4BFB-A2E5-E478878A99D3}.Release|Any CPU.ActiveCfg = Release|Any CPU
		{3DF3872A-53DB-4BFB-A2E5-E478878A99D3}.Release|Any CPU.Build.0 = Release|Any CPU
		{BAF74050-9ECD-4B73-BA2C-068622AD2743}.Debug|Any CPU.ActiveCfg = Debug|Any CPU
		{BAF74050-9ECD-4B73-BA2C-068622AD2743}.Debug|Any CPU.Build.0 = Debug|Any CPU
		{BAF74050-9ECD-4B73-BA2C-068622AD2743}.Release|Any CPU.ActiveCfg = Release|Any CPU
		{BAF74050-9ECD-4B73-BA2C-068622AD2743}.Release|Any CPU.Build.0 = Release|Any CPU
		{FF5778BE-2B67-407B-8320-641ED43AD7DC}.Debug|Any CPU.ActiveCfg = Debug|Any CPU
		{FF5778BE-2B67-407B-8320-641ED43AD7DC}.Debug|Any CPU.Build.0 = Debug|Any CPU
		{FF5778BE-2B67-407B-8320-641ED43AD7DC}.Release|Any CPU.ActiveCfg = Release|Any CPU
		{FF5778BE-2B67-407B-8320-641ED43AD7DC}.Release|Any CPU.Build.0 = Release|Any CPU
		{A00BD5A4-CBC8-478C-A441-4B91C7C5737A}.Debug|Any CPU.ActiveCfg = Debug|Any CPU
		{A00BD5A4-CBC8-478C-A441-4B91C7C5737A}.Debug|Any CPU.Build.0 = Debug|Any CPU
		{A00BD5A4-CBC8-478C-A441-4B91C7C5737A}.Release|Any CPU.ActiveCfg = Release|Any CPU
		{A00BD5A4-CBC8-478C-A441-4B91C7C5737A}.Release|Any CPU.Build.0 = Release|Any CPU
		{D26AD103-2D13-49E1-83DD-87825E4BC45B}.Debug|Any CPU.ActiveCfg = Debug|Any CPU
		{D26AD103-2D13-49E1-83DD-87825E4BC45B}.Debug|Any CPU.Build.0 = Debug|Any CPU
		{D26AD103-2D13-49E1-83DD-87825E4BC45B}.Release|Any CPU.ActiveCfg = Release|Any CPU
		{D26AD103-2D13-49E1-83DD-87825E4BC45B}.Release|Any CPU.Build.0 = Release|Any CPU
		{14DD1D5E-3851-4782-8765-7CB39232AABF}.Debug|Any CPU.ActiveCfg = Debug|Any CPU
		{14DD1D5E-3851-4782-8765-7CB39232AABF}.Debug|Any CPU.Build.0 = Debug|Any CPU
		{14DD1D5E-3851-4782-8765-7CB39232AABF}.Release|Any CPU.ActiveCfg = Release|Any CPU
		{14DD1D5E-3851-4782-8765-7CB39232AABF}.Release|Any CPU.Build.0 = Release|Any CPU
		{F2B4D297-E820-45C3-9023-39F14F93517A}.Debug|Any CPU.ActiveCfg = Debug|Any CPU
		{F2B4D297-E820-45C3-9023-39F14F93517A}.Debug|Any CPU.Build.0 = Debug|Any CPU
		{F2B4D297-E820-45C3-9023-39F14F93517A}.Release|Any CPU.ActiveCfg = Release|Any CPU
		{F2B4D297-E820-45C3-9023-39F14F93517A}.Release|Any CPU.Build.0 = Release|Any CPU
		{8D87F43A-50C2-46AD-903C-403DFFB84EFA}.Debug|Any CPU.ActiveCfg = Debug|Any CPU
		{8D87F43A-50C2-46AD-903C-403DFFB84EFA}.Debug|Any CPU.Build.0 = Debug|Any CPU
		{8D87F43A-50C2-46AD-903C-403DFFB84EFA}.Release|Any CPU.ActiveCfg = Release|Any CPU
		{8D87F43A-50C2-46AD-903C-403DFFB84EFA}.Release|Any CPU.Build.0 = Release|Any CPU
		{97F1C94D-D62D-4459-926D-B4A5C1E7DA92}.Debug|Any CPU.ActiveCfg = Debug|Any CPU
		{97F1C94D-D62D-4459-926D-B4A5C1E7DA92}.Debug|Any CPU.Build.0 = Debug|Any CPU
		{97F1C94D-D62D-4459-926D-B4A5C1E7DA92}.Release|Any CPU.ActiveCfg = Release|Any CPU
		{97F1C94D-D62D-4459-926D-B4A5C1E7DA92}.Release|Any CPU.Build.0 = Release|Any CPU
		{83253EE0-B8EE-4D15-857C-8AAE4380D6BE}.Debug|Any CPU.ActiveCfg = Debug|Any CPU
		{83253EE0-B8EE-4D15-857C-8AAE4380D6BE}.Debug|Any CPU.Build.0 = Debug|Any CPU
		{83253EE0-B8EE-4D15-857C-8AAE4380D6BE}.Release|Any CPU.ActiveCfg = Release|Any CPU
		{83253EE0-B8EE-4D15-857C-8AAE4380D6BE}.Release|Any CPU.Build.0 = Release|Any CPU
		{D9E85EAC-FC2C-4317-B848-29C325C149E5}.Debug|Any CPU.ActiveCfg = Debug|Any CPU
		{D9E85EAC-FC2C-4317-B848-29C325C149E5}.Debug|Any CPU.Build.0 = Debug|Any CPU
		{D9E85EAC-FC2C-4317-B848-29C325C149E5}.Release|Any CPU.ActiveCfg = Release|Any CPU
		{D9E85EAC-FC2C-4317-B848-29C325C149E5}.Release|Any CPU.Build.0 = Release|Any CPU
		{FE0F8183-15B4-4426-B2AA-405248A507A4}.Debug|Any CPU.ActiveCfg = Debug|Any CPU
		{FE0F8183-15B4-4426-B2AA-405248A507A4}.Debug|Any CPU.Build.0 = Debug|Any CPU
		{FE0F8183-15B4-4426-B2AA-405248A507A4}.Release|Any CPU.ActiveCfg = Release|Any CPU
		{FE0F8183-15B4-4426-B2AA-405248A507A4}.Release|Any CPU.Build.0 = Release|Any CPU
	EndGlobalSection
	GlobalSection(SolutionProperties) = preSolution
		HideSolutionNode = FALSE
	EndGlobalSection
	GlobalSection(NestedProjects) = preSolution
		{83253EE0-B8EE-4D15-857C-8AAE4380D6BE} = {5CA19B9D-0D70-4256-AD00-C0988CBBD445}
		{D9E85EAC-FC2C-4317-B848-29C325C149E5} = {5CA19B9D-0D70-4256-AD00-C0988CBBD445}
		{FE0F8183-15B4-4426-B2AA-405248A507A4} = {5CA19B9D-0D70-4256-AD00-C0988CBBD445}
	EndGlobalSection
EndGlobal
